// !$*UTF8*$!
{
	archiveVersion = 1;
	classes = {
	};
	objectVersion = 50;
	objects = {

/* Begin PBXBuildFile section */
		95E114B824F34EFC0014E1BD /* FullScreenBrowserApp.swift in Sources */ = {isa = PBXBuildFile; fileRef = 95E114B724F34EFC0014E1BD /* FullScreenBrowserApp.swift */; };
		95E114BA24F34EFC0014E1BD /* ContentView.swift in Sources */ = {isa = PBXBuildFile; fileRef = 95E114B924F34EFC0014E1BD /* ContentView.swift */; };
		95E114BC24F34EFD0014E1BD /* Assets.xcassets in Resources */ = {isa = PBXBuildFile; fileRef = 95E114BB24F34EFC0014E1BD /* Assets.xcassets */; };
		95E114BF24F34EFD0014E1BD /* Preview Assets.xcassets in Resources */ = {isa = PBXBuildFile; fileRef = 95E114BE24F34EFD0014E1BD /* Preview Assets.xcassets */; };
		95E114C724F367780014E1BD /* WebView.swift in Sources */ = {isa = PBXBuildFile; fileRef = 95E114C624F367780014E1BD /* WebView.swift */; };
/* End PBXBuildFile section */

/* Begin PBXFileReference section */
		95E114B424F34EFC0014E1BD /* FullScreenBrowser.app */ = {isa = PBXFileReference; explicitFileType = wrapper.application; includeInIndex = 0; path = FullScreenBrowser.app; sourceTree = BUILT_PRODUCTS_DIR; };
		95E114B724F34EFC0014E1BD /* FullScreenBrowserApp.swift */ = {isa = PBXFileReference; lastKnownFileType = sourcecode.swift; path = FullScreenBrowserApp.swift; sourceTree = "<group>"; };
		95E114B924F34EFC0014E1BD /* ContentView.swift */ = {isa = PBXFileReference; lastKnownFileType = sourcecode.swift; path = ContentView.swift; sourceTree = "<group>"; };
		95E114BB24F34EFC0014E1BD /* Assets.xcassets */ = {isa = PBXFileReference; lastKnownFileType = folder.assetcatalog; path = Assets.xcassets; sourceTree = "<group>"; };
		95E114BE24F34EFD0014E1BD /* Preview Assets.xcassets */ = {isa = PBXFileReference; lastKnownFileType = folder.assetcatalog; path = "Preview Assets.xcassets"; sourceTree = "<group>"; };
		95E114C024F34EFD0014E1BD /* Info.plist */ = {isa = PBXFileReference; lastKnownFileType = text.plist.xml; path = Info.plist; sourceTree = "<group>"; };
		95E114C624F367780014E1BD /* WebView.swift */ = {isa = PBXFileReference; lastKnownFileType = sourcecode.swift; path = WebView.swift; sourceTree = "<group>"; };
/* End PBXFileReference section */

/* Begin PBXFrameworksBuildPhase section */
		95E114B124F34EFC0014E1BD /* Frameworks */ = {
			isa = PBXFrameworksBuildPhase;
			buildActionMask = 2147483647;
			files = (
			);
			runOnlyForDeploymentPostprocessing = 0;
		};
/* End PBXFrameworksBuildPhase section */

/* Begin PBXGroup section */
		95E114AB24F34EFC0014E1BD = {
			isa = PBXGroup;
			children = (
				95E114B624F34EFC0014E1BD /* FullScreenBrowser */,
				95E114B524F34EFC0014E1BD /* Products */,
			);
			sourceTree = "<group>";
		};
		95E114B524F34EFC0014E1BD /* Products */ = {
			isa = PBXGroup;
			children = (
				95E114B424F34EFC0014E1BD /* FullScreenBrowser.app */,
			);
			name = Products;
			sourceTree = "<group>";
		};
		95E114B624F34EFC0014E1BD /* FullScreenBrowser */ = {
			isa = PBXGroup;
			children = (
				95E114B724F34EFC0014E1BD /* FullScreenBrowserApp.swift */,
				95E114B924F34EFC0014E1BD /* ContentView.swift */,
				95E114BB24F34EFC0014E1BD /* Assets.xcassets */,
				95E114C024F34EFD0014E1BD /* Info.plist */,
				95E114BD24F34EFD0014E1BD /* Preview Content */,
				95E114C624F367780014E1BD /* WebView.swift */,
			);
			path = FullScreenBrowser;
			sourceTree = "<group>";
		};
		95E114BD24F34EFD0014E1BD /* Preview Content */ = {
			isa = PBXGroup;
			children = (
				95E114BE24F34EFD0014E1BD /* Preview Assets.xcassets */,
			);
			path = "Preview Content";
			sourceTree = "<group>";
		};
/* End PBXGroup section */

/* Begin PBXNativeTarget section */
		95E114B324F34EFC0014E1BD /* FullScreenBrowser */ = {
			isa = PBXNativeTarget;
			buildConfigurationList = 95E114C324F34EFD0014E1BD /* Build configuration list for PBXNativeTarget "FullScreenBrowser" */;
			buildPhases = (
				95E114B024F34EFC0014E1BD /* Sources */,
				95E114B124F34EFC0014E1BD /* Frameworks */,
				95E114B224F34EFC0014E1BD /* Resources */,
			);
			buildRules = (
			);
			dependencies = (
			);
			name = FullScreenBrowser;
			productName = FullScreenBrowser;
			productReference = 95E114B424F34EFC0014E1BD /* FullScreenBrowser.app */;
			productType = "com.apple.product-type.application";
		};
/* End PBXNativeTarget section */

/* Begin PBXProject section */
		95E114AC24F34EFC0014E1BD /* Project object */ = {
			isa = PBXProject;
			attributes = {
				LastSwiftUpdateCheck = 1200;
				LastUpgradeCheck = 1200;
				TargetAttributes = {
					95E114B324F34EFC0014E1BD = {
						CreatedOnToolsVersion = 12.0;
					};
				};
			};
			buildConfigurationList = 95E114AF24F34EFC0014E1BD /* Build configuration list for PBXProject "FullScreenBrowser" */;
			compatibilityVersion = "Xcode 9.3";
			developmentRegion = en;
			hasScannedForEncodings = 0;
			knownRegions = (
				en,
				Base,
			);
			mainGroup = 95E114AB24F34EFC0014E1BD;
			productRefGroup = 95E114B524F34EFC0014E1BD /* Products */;
			projectDirPath = "";
			projectRoot = "";
			targets = (
				95E114B324F34EFC0014E1BD /* FullScreenBrowser */,
			);
		};
/* End PBXProject section */

/* Begin PBXResourcesBuildPhase section */
		95E114B224F34EFC0014E1BD /* Resources */ = {
			isa = PBXResourcesBuildPhase;
			buildActionMask = 2147483647;
			files = (
				95E114BF24F34EFD0014E1BD /* Preview Assets.xcassets in Resources */,
				95E114BC24F34EFD0014E1BD /* Assets.xcassets in Resources */,
			);
			runOnlyForDeploymentPostprocessing = 0;
		};
/* End PBXResourcesBuildPhase section */

/* Begin PBXSourcesBuildPhase section */
		95E114B024F34EFC0014E1BD /* Sources */ = {
			isa = PBXSourcesBuildPhase;
			buildActionMask = 2147483647;
			files = (
				95E114C724F367780014E1BD /* WebView.swift in Sources */,
				95E114BA24F34EFC0014E1BD /* ContentView.swift in Sources */,
				95E114B824F34EFC0014E1BD /* FullScreenBrowserApp.swift in Sources */,
			);
			runOnlyForDeploymentPostprocessing = 0;
		};
/* End PBXSourcesBuildPhase section */

/* Begin XCBuildConfiguration section */
		95E114C124F34EFD0014E1BD /* Debug */ = {
			isa = XCBuildConfiguration;
			buildSettings = {
				ALWAYS_SEARCH_USER_PATHS = NO;
				CLANG_ANALYZER_NONNULL = YES;
				CLANG_ANALYZER_NUMBER_OBJECT_CONVERSION = YES_AGGRESSIVE;
				CLANG_CXX_LANGUAGE_STANDARD = "gnu++14";
				CLANG_CXX_LIBRARY = "libc++";
				CLANG_ENABLE_MODULES = YES;
				CLANG_ENABLE_OBJC_ARC = YES;
				CLANG_ENABLE_OBJC_WEAK = YES;
				CLANG_WARN_BLOCK_CAPTURE_AUTORELEASING = YES;
				CLANG_WARN_BOOL_CONVERSION = YES;
				CLANG_WARN_COMMA = YES;
				CLANG_WARN_CONSTANT_CONVERSION = YES;
				CLANG_WARN_DEPRECATED_OBJC_IMPLEMENTATIONS = YES;
				CLANG_WARN_DIRECT_OBJC_ISA_USAGE = YES_ERROR;
				CLANG_WARN_DOCUMENTATION_COMMENTS = YES;
				CLANG_WARN_EMPTY_BODY = YES;
				CLANG_WARN_ENUM_CONVERSION = YES;
				CLANG_WARN_INFINITE_RECURSION = YES;
				CLANG_WARN_INT_CONVERSION = YES;
				CLANG_WARN_NON_LITERAL_NULL_CONVERSION = YES;
				CLANG_WARN_OBJC_IMPLICIT_RETAIN_SELF = YES;
				CLANG_WARN_OBJC_LITERAL_CONVERSION = YES;
				CLANG_WARN_OBJC_ROOT_CLASS = YES_ERROR;
				CLANG_WARN_QUOTED_INCLUDE_IN_FRAMEWORK_HEADER = YES;
				CLANG_WARN_RANGE_LOOP_ANALYSIS = YES;
				CLANG_WARN_STRICT_PROTOTYPES = YES;
				CLANG_WARN_SUSPICIOUS_MOVE = YES;
				CLANG_WARN_UNGUARDED_AVAILABILITY = YES_AGGRESSIVE;
				CLANG_WARN_UNREACHABLE_CODE = YES;
				CLANG_WARN__DUPLICATE_METHOD_MATCH = YES;
				COPY_PHASE_STRIP = NO;
				DEBUG_INFORMATION_FORMAT = dwarf;
				ENABLE_STRICT_OBJC_MSGSEND = YES;
				ENABLE_TESTABILITY = YES;
				GCC_C_LANGUAGE_STANDARD = gnu11;
				GCC_DYNAMIC_NO_PIC = NO;
				GCC_NO_COMMON_BLOCKS = YES;
				GCC_OPTIMIZATION_LEVEL = 0;
				GCC_PREPROCESSOR_DEFINITIONS = (
					"DEBUG=1",
					"$(inherited)",
				);
				GCC_WARN_64_TO_32_BIT_CONVERSION = YES;
				GCC_WARN_ABOUT_RETURN_TYPE = YES_ERROR;
				GCC_WARN_UNDECLARED_SELECTOR = YES;
				GCC_WARN_UNINITIALIZED_AUTOS = YES_AGGRESSIVE;
				GCC_WARN_UNUSED_FUNCTION = YES;
				GCC_WARN_UNUSED_VARIABLE = YES;
				IPHONEOS_DEPLOYMENT_TARGET = 14.0;
				MTL_ENABLE_DEBUG_INFO = INCLUDE_SOURCE;
				MTL_FAST_MATH = YES;
				ONLY_ACTIVE_ARCH = YES;
				SDKROOT = iphoneos;
				SWIFT_ACTIVE_COMPILATION_CONDITIONS = DEBUG;
				SWIFT_OPTIMIZATION_LEVEL = "-Onone";
			};
			name = Debug;
		};
		95E114C224F34EFD0014E1BD /* Release */ = {
			isa = XCBuildConfiguration;
			buildSettings = {
				ALWAYS_SEARCH_USER_PATHS = NO;
				CLANG_ANALYZER_NONNULL = YES;
				CLANG_ANALYZER_NUMBER_OBJECT_CONVERSION = YES_AGGRESSIVE;
				CLANG_CXX_LANGUAGE_STANDARD = "gnu++14";
				CLANG_CXX_LIBRARY = "libc++";
				CLANG_ENABLE_MODULES = YES;
				CLANG_ENABLE_OBJC_ARC = YES;
				CLANG_ENABLE_OBJC_WEAK = YES;
				CLANG_WARN_BLOCK_CAPTURE_AUTORELEASING = YES;
				CLANG_WARN_BOOL_CONVERSION = YES;
				CLANG_WARN_COMMA = YES;
				CLANG_WARN_CONSTANT_CONVERSION = YES;
				CLANG_WARN_DEPRECATED_OBJC_IMPLEMENTATIONS = YES;
				CLANG_WARN_DIRECT_OBJC_ISA_USAGE = YES_ERROR;
				CLANG_WARN_DOCUMENTATION_COMMENTS = YES;
				CLANG_WARN_EMPTY_BODY = YES;
				CLANG_WARN_ENUM_CONVERSION = YES;
				CLANG_WARN_INFINITE_RECURSION = YES;
				CLANG_WARN_INT_CONVERSION = YES;
				CLANG_WARN_NON_LITERAL_NULL_CONVERSION = YES;
				CLANG_WARN_OBJC_IMPLICIT_RETAIN_SELF = YES;
				CLANG_WARN_OBJC_LITERAL_CONVERSION = YES;
				CLANG_WARN_OBJC_ROOT_CLASS = YES_ERROR;
				CLANG_WARN_QUOTED_INCLUDE_IN_FRAMEWORK_HEADER = YES;
				CLANG_WARN_RANGE_LOOP_ANALYSIS = YES;
				CLANG_WARN_STRICT_PROTOTYPES = YES;
				CLANG_WARN_SUSPICIOUS_MOVE = YES;
				CLANG_WARN_UNGUARDED_AVAILABILITY = YES_AGGRESSIVE;
				CLANG_WARN_UNREACHABLE_CODE = YES;
				CLANG_WARN__DUPLICATE_METHOD_MATCH = YES;
				COPY_PHASE_STRIP = NO;
				DEBUG_INFORMATION_FORMAT = "dwarf-with-dsym";
				ENABLE_NS_ASSERTIONS = NO;
				ENABLE_STRICT_OBJC_MSGSEND = YES;
				GCC_C_LANGUAGE_STANDARD = gnu11;
				GCC_NO_COMMON_BLOCKS = YES;
				GCC_WARN_64_TO_32_BIT_CONVERSION = YES;
				GCC_WARN_ABOUT_RETURN_TYPE = YES_ERROR;
				GCC_WARN_UNDECLARED_SELECTOR = YES;
				GCC_WARN_UNINITIALIZED_AUTOS = YES_AGGRESSIVE;
				GCC_WARN_UNUSED_FUNCTION = YES;
				GCC_WARN_UNUSED_VARIABLE = YES;
				IPHONEOS_DEPLOYMENT_TARGET = 14.0;
				MTL_ENABLE_DEBUG_INFO = NO;
				MTL_FAST_MATH = YES;
				SDKROOT = iphoneos;
				SWIFT_COMPILATION_MODE = wholemodule;
				SWIFT_OPTIMIZATION_LEVEL = "-O";
				VALIDATE_PRODUCT = YES;
			};
			name = Release;
		};
		95E114C424F34EFD0014E1BD /* Debug */ = {
			isa = XCBuildConfiguration;
			buildSettings = {
				ASSETCATALOG_COMPILER_APPICON_NAME = AppIcon;
				ASSETCATALOG_COMPILER_GLOBAL_ACCENT_COLOR_NAME = AccentColor;
				CODE_SIGN_STYLE = Automatic;
				DEVELOPMENT_ASSET_PATHS = "\"FullScreenBrowser/Preview Content\"";
				ENABLE_PREVIEWS = YES;
				INFOPLIST_FILE = FullScreenBrowser/Info.plist;
				IPHONEOS_DEPLOYMENT_TARGET = 14.0;
				LD_RUNPATH_SEARCH_PATHS = (
					"$(inherited)",
					"@executable_path/Frameworks",
				);
				PRODUCT_BUNDLE_IDENTIFIER = com.rutter.matthew.FullScreenBrowser;
				PRODUCT_NAME = "$(TARGET_NAME)";
				SWIFT_VERSION = 5.0;
				TARGETED_DEVICE_FAMILY = "1,2";
			};
			name = Debug;
		};
		95E114C524F34EFD0014E1BD /* Release */ = {
			isa = XCBuildConfiguration;
			buildSettings = {
				ASSETCATALOG_COMPILER_APPICON_NAME = AppIcon;
				ASSETCATALOG_COMPILER_GLOBAL_ACCENT_COLOR_NAME = AccentColor;
				CODE_SIGN_STYLE = Automatic;
				DEVELOPMENT_ASSET_PATHS = "\"FullScreenBrowser/Preview Content\"";
				ENABLE_PREVIEWS = YES;
				INFOPLIST_FILE = FullScreenBrowser/Info.plist;
				IPHONEOS_DEPLOYMENT_TARGET = 14.0;
				LD_RUNPATH_SEARCH_PATHS = (
					"$(inherited)",
					"@executable_path/Frameworks",
				);
				PRODUCT_BUNDLE_IDENTIFIER = com.rutter.matthew.FullScreenBrowser;
				PRODUCT_NAME = "$(TARGET_NAME)";
				SWIFT_VERSION = 5.0;
				TARGETED_DEVICE_FAMILY = "1,2";
			};
			name = Release;
		};
/* End XCBuildConfiguration section */

/* Begin XCConfigurationList section */
		95E114AF24F34EFC0014E1BD /* Build configuration list for PBXProject "FullScreenBrowser" */ = {
			isa = XCConfigurationList;
			buildConfigurations = (
				95E114C124F34EFD0014E1BD /* Debug */,
				95E114C224F34EFD0014E1BD /* Release */,
			);
			defaultConfigurationIsVisible = 0;
			defaultConfigurationName = Release;
		};
		95E114C324F34EFD0014E1BD /* Build configuration list for PBXNativeTarget "FullScreenBrowser" */ = {
			isa = XCConfigurationList;
			buildConfigurations = (
				95E114C424F34EFD0014E1BD /* Debug */,
				95E114C524F34EFD0014E1BD /* Release */,
			);
			defaultConfigurationIsVisible = 0;
			defaultConfigurationName = Release;
		};
/* End XCConfigurationList section */
	};
	rootObject = 95E114AC24F34EFC0014E1BD /* Project object */;
}
